
Microsoft Visual Studio Solution File, Format Version 12.00
# Visual Studio 15
VisualStudioVersion = 15.0.28307.1022
MinimumVisualStudioVersion = 10.0.40219.1
Project("{FAE04EC0-301F-11D3-BF4B-00C04F79EFBC}") = "CityInfo.API", "CityInfo.API\CityInfo.API.csproj", "{2BBC7263-A1DA-41F8-A8CB-D06B62B4B725}"
EndProject
Global
	GlobalSection(SolutionConfigurationPlatforms) = preSolution
		Debug|Any CPU = Debug|Any CPU
		Release|Any CPU = Release|Any CPU
	EndGlobalSection
	GlobalSection(ProjectConfigurationPlatforms) = postSolution
		{2BBC7263-A1DA-41F8-A8CB-D06B62B4B725}.Debug|Any CPU.ActiveCfg = Debug|Any CPU
		{2BBC7263-A1DA-41F8-A8CB-D06B62B4B725}.Debug|Any CPU.Build.0 = Debug|Any CPU
		{2BBC7263-A1DA-41F8-A8CB-D06B62B4B725}.Release|Any CPU.ActiveCfg = Release|Any CPU
		{2BBC7263-A1DA-41F8-A8CB-D06B62B4B725}.Release|Any CPU.Build.0 = Release|Any CPU
	EndGlobalSection
	GlobalSection(SolutionProperties) = preSolution
		HideSolutionNode = FALSE
	EndGlobalSection
	GlobalSection(ExtensibilityGlobals) = postSolution
		SolutionGuid = {470849C1-72A8-484E-B4AC-E5F37E2DB7B5}
	EndGlobalSection
EndGlobal
